
Microsoft Visual Studio Solution File, Format Version 12.00
# Visual Studio Version 16
VisualStudioVersion = 16.0.29519.87
MinimumVisualStudioVersion = 10.0.40219.1
Project("{FAE04EC0-301F-11D3-BF4B-00C04F79EFBC}") = "AgendaProject", "AgendaProject.csproj", "{7779BB4D-AA66-4DD8-8F79-7D3CF9F5C480}"
EndProject
Global
	GlobalSection(SolutionConfigurationPlatforms) = preSolution
		Debug|Any CPU = Debug|Any CPU
		Release|Any CPU = Release|Any CPU
	EndGlobalSection
	GlobalSection(ProjectConfigurationPlatforms) = postSolution
		{7779BB4D-AA66-4DD8-8F79-7D3CF9F5C480}.Debug|Any CPU.ActiveCfg = Debug|Any CPU
		{7779BB4D-AA66-4DD8-8F79-7D3CF9F5C480}.Debug|Any CPU.Build.0 = Debug|Any CPU
		{7779BB4D-AA66-4DD8-8F79-7D3CF9F5C480}.Release|Any CPU.ActiveCfg = Release|Any CPU
		{7779BB4D-AA66-4DD8-8F79-7D3CF9F5C480}.Release|Any CPU.Build.0 = Release|Any CPU
	EndGlobalSection
	GlobalSection(SolutionProperties) = preSolution
		HideSolutionNode = FALSE
	EndGlobalSection
	GlobalSection(ExtensibilityGlobals) = postSolution
		SolutionGuid = {463A894D-71E5-47EA-B42B-B9354579F48B}
	EndGlobalSection
EndGlobal
